
Microsoft Visual Studio Solution File, Format Version 12.00
# Visual Studio Version 17
VisualStudioVersion = 17.9.34622.214
MinimumVisualStudioVersion = 10.0.40219.1
Project("{FAE04EC0-301F-11D3-BF4B-00C04F79EFBC}") = "Functions", "Functions\Functions.csproj", "{5D5B0BCD-7E8E-4F25-847C-52F11B2E007E}"
EndProject
Global
	GlobalSection(SolutionConfigurationPlatforms) = preSolution
		Debug|Any CPU = Debug|Any CPU
		Release|Any CPU = Release|Any CPU
	EndGlobalSection
	GlobalSection(ProjectConfigurationPlatforms) = postSolution
		{5D5B0BCD-7E8E-4F25-847C-52F11B2E007E}.Debug|Any CPU.ActiveCfg = Debug|Any CPU
		{5D5B0BCD-7E8E-4F25-847C-52F11B2E007E}.Debug|Any CPU.Build.0 = Debug|Any CPU
		{5D5B0BCD-7E8E-4F25-847C-52F11B2E007E}.Release|Any CPU.ActiveCfg = Release|Any CPU
		{5D5B0BCD-7E8E-4F25-847C-52F11B2E007E}.Release|Any CPU.Build.0 = Release|Any CPU
	EndGlobalSection
	GlobalSection(SolutionProperties) = preSolution
		HideSolutionNode = FALSE
	EndGlobalSection
	GlobalSection(ExtensibilityGlobals) = postSolution
		SolutionGuid = {470CF1AA-43F1-4C5A-A1E7-FD70C887C760}
	EndGlobalSection
EndGlobal
