
Microsoft Visual Studio Solution File, Format Version 12.00
# Visual Studio Version 17
VisualStudioVersion = 17.9.34622.214
MinimumVisualStudioVersion = 10.0.40219.1
Project("{9A19103F-16F7-4668-BE54-9A1E7A4F7556}") = "WPFControllerExercises", "WPFControllerExcercises\WPFControllerExercises.csproj", "{395A910E-09B8-4973-845A-650204782E97}"
EndProject
Global
	GlobalSection(SolutionConfigurationPlatforms) = preSolution
		Debug|Any CPU = Debug|Any CPU
		Release|Any CPU = Release|Any CPU
	EndGlobalSection
	GlobalSection(ProjectConfigurationPlatforms) = postSolution
		{395A910E-09B8-4973-845A-650204782E97}.Debug|Any CPU.ActiveCfg = Debug|Any CPU
		{395A910E-09B8-4973-845A-650204782E97}.Debug|Any CPU.Build.0 = Debug|Any CPU
		{395A910E-09B8-4973-845A-650204782E97}.Release|Any CPU.ActiveCfg = Release|Any CPU
		{395A910E-09B8-4973-845A-650204782E97}.Release|Any CPU.Build.0 = Release|Any CPU
	EndGlobalSection
	GlobalSection(SolutionProperties) = preSolution
		HideSolutionNode = FALSE
	EndGlobalSection
	GlobalSection(ExtensibilityGlobals) = postSolution
		SolutionGuid = {F7806DA1-2CC0-4B58-9472-B7234AA8D956}
	EndGlobalSection
EndGlobal
