
Microsoft Visual Studio Solution File, Format Version 12.00
# Visual Studio Version 17
VisualStudioVersion = 17.14.36203.30
MinimumVisualStudioVersion = 10.0.40219.1
Project("{FAE04EC0-301F-11D3-BF4B-00C04F79EFBC}") = "BadOrderAppRefactored", "BadOrderApp\BadOrderAppRefactored.csproj", "{F12D9105-4BE2-449C-85B5-6A432E3C2ED6}"
EndProject
Global
	GlobalSection(SolutionConfigurationPlatforms) = preSolution
		Debug|Any CPU = Debug|Any CPU
		Release|Any CPU = Release|Any CPU
	EndGlobalSection
	GlobalSection(ProjectConfigurationPlatforms) = postSolution
		{F12D9105-4BE2-449C-85B5-6A432E3C2ED6}.Debug|Any CPU.ActiveCfg = Debug|Any CPU
		{F12D9105-4BE2-449C-85B5-6A432E3C2ED6}.Debug|Any CPU.Build.0 = Debug|Any CPU
		{F12D9105-4BE2-449C-85B5-6A432E3C2ED6}.Release|Any CPU.ActiveCfg = Release|Any CPU
		{F12D9105-4BE2-449C-85B5-6A432E3C2ED6}.Release|Any CPU.Build.0 = Release|Any CPU
	EndGlobalSection
	GlobalSection(SolutionProperties) = preSolution
		HideSolutionNode = FALSE
	EndGlobalSection
	GlobalSection(ExtensibilityGlobals) = postSolution
		SolutionGuid = {8195E7BB-37A3-457F-84CC-5E62DB766E28}
	EndGlobalSection
EndGlobal
