
Microsoft Visual Studio Solution File, Format Version 12.00
# Visual Studio Version 17
VisualStudioVersion = 17.14.36401.2 d17.14
MinimumVisualStudioVersion = 10.0.40219.1
Project("{FAE04EC0-301F-11D3-BF4B-00C04F79EFBC}") = "Hello1.api", "DemoApiGateway\Hello1.api.csproj", "{CF8628CF-22E8-497C-A13D-4E9555FA42F1}"
EndProject
Project("{FAE04EC0-301F-11D3-BF4B-00C04F79EFBC}") = "Hello2.api", "Hello2.api\Hello2.api.csproj", "{DF35F925-9282-4806-8F90-5539DF17451B}"
EndProject
Project("{FAE04EC0-301F-11D3-BF4B-00C04F79EFBC}") = "ApiGateway", "ApiGateway\ApiGateway.csproj", "{65A02E6C-7A1C-4DB5-AAEE-760EEED7105C}"
EndProject
Global
	GlobalSection(SolutionConfigurationPlatforms) = preSolution
		Debug|Any CPU = Debug|Any CPU
		Release|Any CPU = Release|Any CPU
	EndGlobalSection
	GlobalSection(ProjectConfigurationPlatforms) = postSolution
		{CF8628CF-22E8-497C-A13D-4E9555FA42F1}.Debug|Any CPU.ActiveCfg = Debug|Any CPU
		{CF8628CF-22E8-497C-A13D-4E9555FA42F1}.Debug|Any CPU.Build.0 = Debug|Any CPU
		{CF8628CF-22E8-497C-A13D-4E9555FA42F1}.Release|Any CPU.ActiveCfg = Release|Any CPU
		{CF8628CF-22E8-497C-A13D-4E9555FA42F1}.Release|Any CPU.Build.0 = Release|Any CPU
		{DF35F925-9282-4806-8F90-5539DF17451B}.Debug|Any CPU.ActiveCfg = Debug|Any CPU
		{DF35F925-9282-4806-8F90-5539DF17451B}.Debug|Any CPU.Build.0 = Debug|Any CPU
		{DF35F925-9282-4806-8F90-5539DF17451B}.Release|Any CPU.ActiveCfg = Release|Any CPU
		{DF35F925-9282-4806-8F90-5539DF17451B}.Release|Any CPU.Build.0 = Release|Any CPU
		{65A02E6C-7A1C-4DB5-AAEE-760EEED7105C}.Debug|Any CPU.ActiveCfg = Debug|Any CPU
		{65A02E6C-7A1C-4DB5-AAEE-760EEED7105C}.Debug|Any CPU.Build.0 = Debug|Any CPU
		{65A02E6C-7A1C-4DB5-AAEE-760EEED7105C}.Release|Any CPU.ActiveCfg = Release|Any CPU
		{65A02E6C-7A1C-4DB5-AAEE-760EEED7105C}.Release|Any CPU.Build.0 = Release|Any CPU
	EndGlobalSection
	GlobalSection(SolutionProperties) = preSolution
		HideSolutionNode = FALSE
	EndGlobalSection
	GlobalSection(ExtensibilityGlobals) = postSolution
		SolutionGuid = {E36CE65C-FC4C-421B-92ED-5DD299E21C00}
	EndGlobalSection
EndGlobal
