
Microsoft Visual Studio Solution File, Format Version 12.00
# Visual Studio Version 17
VisualStudioVersion = 17.9.34622.214
MinimumVisualStudioVersion = 10.0.40219.1
Project("{FAE04EC0-301F-11D3-BF4B-00C04F79EFBC}") = "LINQExcercises", "LINQExcercises\LINQExcercises.csproj", "{D1A32502-9555-49FD-BFEF-B38E2E3C5D7B}"
EndProject
Global
	GlobalSection(SolutionConfigurationPlatforms) = preSolution
		Debug|Any CPU = Debug|Any CPU
		Release|Any CPU = Release|Any CPU
	EndGlobalSection
	GlobalSection(ProjectConfigurationPlatforms) = postSolution
		{D1A32502-9555-49FD-BFEF-B38E2E3C5D7B}.Debug|Any CPU.ActiveCfg = Debug|Any CPU
		{D1A32502-9555-49FD-BFEF-B38E2E3C5D7B}.Debug|Any CPU.Build.0 = Debug|Any CPU
		{D1A32502-9555-49FD-BFEF-B38E2E3C5D7B}.Release|Any CPU.ActiveCfg = Release|Any CPU
		{D1A32502-9555-49FD-BFEF-B38E2E3C5D7B}.Release|Any CPU.Build.0 = Release|Any CPU
	EndGlobalSection
	GlobalSection(SolutionProperties) = preSolution
		HideSolutionNode = FALSE
	EndGlobalSection
	GlobalSection(ExtensibilityGlobals) = postSolution
		SolutionGuid = {D0D9DC13-26FF-4208-BFE4-4DBCCE8A8961}
	EndGlobalSection
EndGlobal
