
Microsoft Visual Studio Solution File, Format Version 12.00
# Visual Studio Version 17
VisualStudioVersion = 17.9.34622.214
MinimumVisualStudioVersion = 10.0.40219.1
Project("{FAE04EC0-301F-11D3-BF4B-00C04F79EFBC}") = "WPFDialogExercises", "WPFDialogExercises\WPFDialogExercises.csproj", "{FF8744BD-BFFE-4528-B632-E18F59C4677C}"
EndProject
Global
	GlobalSection(SolutionConfigurationPlatforms) = preSolution
		Debug|Any CPU = Debug|Any CPU
		Release|Any CPU = Release|Any CPU
	EndGlobalSection
	GlobalSection(ProjectConfigurationPlatforms) = postSolution
		{FF8744BD-BFFE-4528-B632-E18F59C4677C}.Debug|Any CPU.ActiveCfg = Debug|Any CPU
		{FF8744BD-BFFE-4528-B632-E18F59C4677C}.Debug|Any CPU.Build.0 = Debug|Any CPU
		{FF8744BD-BFFE-4528-B632-E18F59C4677C}.Release|Any CPU.ActiveCfg = Release|Any CPU
		{FF8744BD-BFFE-4528-B632-E18F59C4677C}.Release|Any CPU.Build.0 = Release|Any CPU
	EndGlobalSection
	GlobalSection(SolutionProperties) = preSolution
		HideSolutionNode = FALSE
	EndGlobalSection
	GlobalSection(ExtensibilityGlobals) = postSolution
		SolutionGuid = {A7AFA52C-3354-4B45-9A7A-2474072CB9C0}
	EndGlobalSection
EndGlobal
